
Microsoft Visual Studio Solution File, Format Version 12.00
# Visual Studio Version 17
VisualStudioVersion = 17.9.34607.119
MinimumVisualStudioVersion = 10.0.40219.1
Project("{FAE04EC0-301F-11D3-BF4B-00C04F79EFBC}") = "1. CONVERSOR DE DATOS", "1. CONVERSOR DE DATOS.csproj", "{C65E31C7-AEF3-4021-8BA4-C0D6EC1FBE18}"
EndProject
Project("{FAE04EC0-301F-11D3-BF4B-00C04F79EFBC}") = "OPERACIONES CON TIPOS DE DATOS", "..\OPERACIONES CON TIPOS DE DATOS\OPERACIONES CON TIPOS DE DATOS.csproj", "{55E47E12-7B03-4CBD-A32F-38EC3A172A9D}"
EndProject
Global
	GlobalSection(SolutionConfigurationPlatforms) = preSolution
		Debug|Any CPU = Debug|Any CPU
		Release|Any CPU = Release|Any CPU
	EndGlobalSection
	GlobalSection(ProjectConfigurationPlatforms) = postSolution
		{C65E31C7-AEF3-4021-8BA4-C0D6EC1FBE18}.Debug|Any CPU.ActiveCfg = Debug|Any CPU
		{C65E31C7-AEF3-4021-8BA4-C0D6EC1FBE18}.Debug|Any CPU.Build.0 = Debug|Any CPU
		{C65E31C7-AEF3-4021-8BA4-C0D6EC1FBE18}.Release|Any CPU.ActiveCfg = Release|Any CPU
		{C65E31C7-AEF3-4021-8BA4-C0D6EC1FBE18}.Release|Any CPU.Build.0 = Release|Any CPU
		{55E47E12-7B03-4CBD-A32F-38EC3A172A9D}.Debug|Any CPU.ActiveCfg = Debug|Any CPU
		{55E47E12-7B03-4CBD-A32F-38EC3A172A9D}.Debug|Any CPU.Build.0 = Debug|Any CPU
		{55E47E12-7B03-4CBD-A32F-38EC3A172A9D}.Release|Any CPU.ActiveCfg = Release|Any CPU
		{55E47E12-7B03-4CBD-A32F-38EC3A172A9D}.Release|Any CPU.Build.0 = Release|Any CPU
	EndGlobalSection
	GlobalSection(SolutionProperties) = preSolution
		HideSolutionNode = FALSE
	EndGlobalSection
	GlobalSection(ExtensibilityGlobals) = postSolution
		SolutionGuid = {A286F4A5-EC39-47DF-ADC9-47DA5A0D0F45}
	EndGlobalSection
EndGlobal
